{
	"name": "overmind-monorepo",
	"version": "1.0.0",
	"lockfileVersion": 1,
	"requires": true,
	"dependencies": {
		"array-includes": {
			"version": "3.0.3",
			"resolved": "https://registry.npmjs.org/array-includes/-/array-includes-3.0.3.tgz",
			"integrity": "sha1-GEtI9i2S10UrsxsyMWXH+L0CJm0=",
			"dev": true,
			"requires": {
				"define-properties": "^1.1.2",
				"es-abstract": "^1.7.0"
			}
		},
		"balanced-match": {
			"version": "1.0.0",
			"resolved": "https://registry.npmjs.org/balanced-match/-/balanced-match-1.0.0.tgz",
			"integrity": "sha1-ibTRmasr7kneFk6gK4nORi1xt2c=",
			"dev": true
		},
		"brace-expansion": {
			"version": "1.1.11",
			"resolved": "https://registry.npmjs.org/brace-expansion/-/brace-expansion-1.1.11.tgz",
			"integrity": "sha512-iCuPHDFgrHX7H2vEI/5xpz07zSHB00TpugqhmYtVmMO6518mCuRMoOYFldEBl0g187ufozdaHgWKcYFb61qGiA==",
			"dev": true,
			"requires": {
				"balanced-match": "^1.0.0",
				"concat-map": "0.0.1"
			}
		},
		"concat-map": {
			"version": "0.0.1",
			"resolved": "https://registry.npmjs.org/concat-map/-/concat-map-0.0.1.tgz",
			"integrity": "sha1-2Klr13/Wjfd5OnMDajug1UBdR3s=",
			"dev": true
		},
		"define-properties": {
			"version": "1.1.2",
			"resolved": "https://registry.npmjs.org/define-properties/-/define-properties-1.1.2.tgz",
			"integrity": "sha1-g6c/L+pWmJj7c3GTyPhzyvbUXJQ=",
			"dev": true,
			"requires": {
				"foreach": "^2.0.5",
				"object-keys": "^1.0.8"
			}
		},
		"doctrine": {
			"version": "2.1.0",
			"resolved": "https://registry.npmjs.org/doctrine/-/doctrine-2.1.0.tgz",
			"integrity": "sha512-35mSku4ZXK0vfCuHEDAwt55dg2jNajHZ1odvF+8SSr82EsZY4QmXfuWso8oEd8zRhVObSN18aM0CjSdoBX7zIw==",
			"dev": true,
			"requires": {
				"esutils": "^2.0.2"
			}
		},
		"es-abstract": {
			"version": "1.12.0",
			"resolved": "https://registry.npmjs.org/es-abstract/-/es-abstract-1.12.0.tgz",
			"integrity": "sha512-C8Fx/0jFmV5IPoMOFPA9P9G5NtqW+4cOPit3MIuvR2t7Ag2K15EJTpxnHAYTzL+aYQJIESYeXZmDBfOBE1HcpA==",
			"dev": true,
			"requires": {
				"es-to-primitive": "^1.1.1",
				"function-bind": "^1.1.1",
				"has": "^1.0.1",
				"is-callable": "^1.1.3",
				"is-regex": "^1.0.4"
			}
		},
		"es-to-primitive": {
			"version": "1.1.1",
			"resolved": "https://registry.npmjs.org/es-to-primitive/-/es-to-primitive-1.1.1.tgz",
			"integrity": "sha1-RTVSSKiJeQNLZ5Lhm7gfK3l13Q0=",
			"dev": true,
			"requires": {
				"is-callable": "^1.1.1",
				"is-date-object": "^1.0.1",
				"is-symbol": "^1.0.1"
			}
		},
		"eslint-config-prettier": {
			"version": "2.9.0",
			"resolved": "https://registry.npmjs.org/eslint-config-prettier/-/eslint-config-prettier-2.9.0.tgz",
			"integrity": "sha512-ag8YEyBXsm3nmOv1Hz991VtNNDMRa+MNy8cY47Pl4bw6iuzqKbJajXdqUpiw13STdLLrznxgm1hj9NhxeOYq0A==",
			"dev": true,
			"requires": {
				"get-stdin": "^5.0.1"
			}
		},
		"eslint-config-standard": {
			"version": "11.0.0",
			"resolved": "https://registry.npmjs.org/eslint-config-standard/-/eslint-config-standard-11.0.0.tgz",
			"integrity": "sha512-oDdENzpViEe5fwuRCWla7AXQd++/oyIp8zP+iP9jiUPG6NBj3SHgdgtl/kTn00AjeN+1HNvavTKmYbMo+xMOlw==",
			"dev": true
		},
		"eslint-config-standard-jsx": {
			"version": "5.0.0",
			"resolved": "https://registry.npmjs.org/eslint-config-standard-jsx/-/eslint-config-standard-jsx-5.0.0.tgz",
			"integrity": "sha512-rLToPAEqLMPBfWnYTu6xRhm2OWziS2n40QFqJ8jAM8NSVzeVKTa3nclhsU4DpPJQRY60F34Oo1wi/71PN/eITg==",
			"dev": true
		},
		"eslint-plugin-node": {
			"version": "6.0.1",
			"resolved": "https://registry.npmjs.org/eslint-plugin-node/-/eslint-plugin-node-6.0.1.tgz",
			"integrity": "sha512-Q/Cc2sW1OAISDS+Ji6lZS2KV4b7ueA/WydVWd1BECTQwVvfQy5JAi3glhINoKzoMnfnuRgNP+ZWKrGAbp3QDxw==",
			"dev": true,
			"requires": {
				"ignore": "^3.3.6",
				"minimatch": "^3.0.4",
				"resolve": "^1.3.3",
				"semver": "^5.4.1"
			}
		},
		"eslint-plugin-promise": {
			"version": "3.8.0",
			"resolved": "https://registry.npmjs.org/eslint-plugin-promise/-/eslint-plugin-promise-3.8.0.tgz",
			"integrity": "sha512-JiFL9UFR15NKpHyGii1ZcvmtIqa3UTwiDAGb8atSffe43qJ3+1czVGN6UtkklpcJ2DVnqvTMzEKRaJdBkAL2aQ==",
			"dev": true
		},
		"eslint-plugin-react": {
			"version": "7.10.0",
			"resolved": "https://registry.npmjs.org/eslint-plugin-react/-/eslint-plugin-react-7.10.0.tgz",
			"integrity": "sha512-18rzWn4AtbSUxFKKM7aCVcj5LXOhOKdwBino3KKWy4psxfPW0YtIbE8WNRDUdyHFL50BeLb6qFd4vpvNYyp7hw==",
			"dev": true,
			"requires": {
				"doctrine": "^2.1.0",
				"has": "^1.0.3",
				"jsx-ast-utils": "^2.0.1",
				"prop-types": "^15.6.2"
			}
		},
		"eslint-plugin-standard": {
			"version": "3.1.0",
			"resolved": "https://registry.npmjs.org/eslint-plugin-standard/-/eslint-plugin-standard-3.1.0.tgz",
			"integrity": "sha512-fVcdyuKRr0EZ4fjWl3c+gp1BANFJD1+RaWa2UPYfMZ6jCtp5RG00kSaXnK/dE5sYzt4kaWJ9qdxqUfc0d9kX0w==",
			"dev": true
		},
		"esutils": {
			"version": "2.0.2",
			"resolved": "https://registry.npmjs.org/esutils/-/esutils-2.0.2.tgz",
			"integrity": "sha1-Cr9PHKpbyx96nYrMbepPqqBLrJs=",
			"dev": true
		},
		"foreach": {
			"version": "2.0.5",
			"resolved": "https://registry.npmjs.org/foreach/-/foreach-2.0.5.tgz",
			"integrity": "sha1-C+4AUBiusmDQo6865ljdATbsG5k=",
			"dev": true
		},
		"function-bind": {
			"version": "1.1.1",
			"resolved": "https://registry.npmjs.org/function-bind/-/function-bind-1.1.1.tgz",
			"integrity": "sha512-yIovAzMX49sF8Yl58fSCWJ5svSLuaibPxXQJFLmBObTuCr0Mf1KiPopGM9NiFjiYBCbfaa2Fh6breQ6ANVTI0A==",
			"dev": true
		},
		"get-stdin": {
			"version": "5.0.1",
			"resolved": "https://registry.npmjs.org/get-stdin/-/get-stdin-5.0.1.tgz",
			"integrity": "sha1-Ei4WFZHiH/TFJTAwVpPyDmOTo5g=",
			"dev": true
		},
		"has": {
			"version": "1.0.3",
			"resolved": "https://registry.npmjs.org/has/-/has-1.0.3.tgz",
			"integrity": "sha512-f2dvO0VU6Oej7RkWJGrehjbzMAjFp5/VKPp5tTpWIV4JHHZK1/BxbFRtf/siA2SWTe09caDmVtYYzWEIbBS4zw==",
			"dev": true,
			"requires": {
				"function-bind": "^1.1.1"
			}
		},
		"ignore": {
			"version": "3.3.8",
			"resolved": "https://registry.npmjs.org/ignore/-/ignore-3.3.8.tgz",
			"integrity": "sha512-pUh+xUQQhQzevjRHHFqqcTy0/dP/kS9I8HSrUydhihjuD09W6ldVWFtIrwhXdUJHis3i2rZNqEHpZH/cbinFbg==",
			"dev": true
		},
		"is-callable": {
			"version": "1.1.4",
			"resolved": "https://registry.npmjs.org/is-callable/-/is-callable-1.1.4.tgz",
			"integrity": "sha512-r5p9sxJjYnArLjObpjA4xu5EKI3CuKHkJXMhT7kwbpUyIFD1n5PMAsoPvWnvtZiNz7LjkYDRZhd7FlI0eMijEA==",
			"dev": true
		},
		"is-date-object": {
			"version": "1.0.1",
			"resolved": "https://registry.npmjs.org/is-date-object/-/is-date-object-1.0.1.tgz",
			"integrity": "sha1-mqIOtq7rv/d/vTPnTKAbM1gdOhY=",
			"dev": true
		},
		"is-regex": {
			"version": "1.0.4",
			"resolved": "https://registry.npmjs.org/is-regex/-/is-regex-1.0.4.tgz",
			"integrity": "sha1-VRdIm1RwkbCTDglWVM7SXul+lJE=",
			"dev": true,
			"requires": {
				"has": "^1.0.1"
			}
		},
		"is-symbol": {
			"version": "1.0.1",
			"resolved": "https://registry.npmjs.org/is-symbol/-/is-symbol-1.0.1.tgz",
			"integrity": "sha1-PMWfAAJRlLarLjjbrmaJJWtmBXI=",
			"dev": true
		},
		"js-tokens": {
			"version": "3.0.2",
			"resolved": "https://registry.npmjs.org/js-tokens/-/js-tokens-3.0.2.tgz",
			"integrity": "sha1-mGbfOVECEw449/mWvOtlRDIJwls=",
			"dev": true
		},
		"jsx-ast-utils": {
			"version": "2.0.1",
			"resolved": "https://registry.npmjs.org/jsx-ast-utils/-/jsx-ast-utils-2.0.1.tgz",
			"integrity": "sha1-6AGxs5mF4g//yHtA43SAgOLcrH8=",
			"dev": true,
			"requires": {
				"array-includes": "^3.0.3"
			}
		},
		"loose-envify": {
			"version": "1.3.1",
			"resolved": "https://registry.npmjs.org/loose-envify/-/loose-envify-1.3.1.tgz",
			"integrity": "sha1-0aitM/qc4OcT1l/dCsi3SNR4yEg=",
			"dev": true,
			"requires": {
				"js-tokens": "^3.0.0"
			}
		},
		"minimatch": {
			"version": "3.0.4",
			"resolved": "https://registry.npmjs.org/minimatch/-/minimatch-3.0.4.tgz",
			"integrity": "sha512-yJHVQEhyqPLUTgt9B83PXu6W3rx4MvvHvSUvToogpwoGDOUQ+yDrR0HRot+yOCdCO7u4hX3pWft6kWBBcqh0UA==",
			"dev": true,
			"requires": {
				"brace-expansion": "^1.1.7"
			}
		},
		"object-assign": {
			"version": "4.1.1",
			"resolved": "https://registry.npmjs.org/object-assign/-/object-assign-4.1.1.tgz",
			"integrity": "sha1-IQmtx5ZYh8/AXLvUQsrIv7s2CGM=",
			"dev": true
		},
		"object-keys": {
			"version": "1.0.12",
			"resolved": "https://registry.npmjs.org/object-keys/-/object-keys-1.0.12.tgz",
			"integrity": "sha512-FTMyFUm2wBcGHnH2eXmz7tC6IwlqQZ6mVZ+6dm6vZ4IQIHjs6FdNsQBuKGPuUUUY6NfJw2PshC08Tn6LzLDOag==",
			"dev": true
		},
		"path-parse": {
			"version": "1.0.5",
			"resolved": "https://registry.npmjs.org/path-parse/-/path-parse-1.0.5.tgz",
			"integrity": "sha1-PBrfhx6pzWyUMbbqK9dKD/BVxME=",
			"dev": true
		},
		"prop-types": {
			"version": "15.6.2",
			"resolved": "https://registry.npmjs.org/prop-types/-/prop-types-15.6.2.tgz",
			"integrity": "sha512-3pboPvLiWD7dkI3qf3KbUe6hKFKa52w+AE0VCqECtf+QHAKgOL37tTaNCnuX1nAAQ4ZhyP+kYVKf8rLmJ/feDQ==",
			"dev": true,
			"requires": {
				"loose-envify": "^1.3.1",
				"object-assign": "^4.1.1"
			}
		},
		"resolve": {
			"version": "1.8.1",
			"resolved": "https://registry.npmjs.org/resolve/-/resolve-1.8.1.tgz",
			"integrity": "sha512-AicPrAC7Qu1JxPCZ9ZgCZlY35QgFnNqc+0LtbRNxnVw4TXvjQ72wnuL9JQcEBgXkI9JM8MsT9kaQoHcpCRJOYA==",
			"dev": true,
			"requires": {
				"path-parse": "^1.0.5"
			}
		},
		"semver": {
			"version": "5.5.0",
			"resolved": "https://registry.npmjs.org/semver/-/semver-5.5.0.tgz",
			"integrity": "sha512-4SJ3dm0WAwWy/NVeioZh5AntkdJoWKxHxcmyP622fOkgHa4z3R0TdBJICINyaSDE6uNwVc8gZr+ZinwZAH4xIA==",
			"dev": true
		}
	}
}
